<?xml version="1.0" encoding="utf-8"?>
<Project ToolsVersion="4.0" xmlns="http://schemas.microsoft.com/developer/msbuild/2003">
  <ItemGroup>
    <Filter Include="Source Files">
      <UniqueIdentifier>{4FC737F1-C7A5-4376-A066-2A32D752A2FF}</UniqueIdentifier>
      <Extensions>cpp;c;cc;cxx;def;odl;idl;hpj;bat;asm;asmx</Extensions>
    </Filter>
    <Filter Include="Header Files">
      <UniqueIdentifier>{93995380-89BD-4b04-88EB-625FBE52EBFB}</UniqueIdentifier>
      <Extensions>h;hh;hpp;hxx;hm;inl;inc;xsd</Extensions>
    </Filter>
    <Filter Include="Resource Files">
      <UniqueIdentifier>{67DA6AB6-F800-4c08-8B7A-83BB121AAD01}</UniqueIdentifier>
      <Extensions>rc;ico;cur;bmp;dlg;rc2;rct;bin;rgs;gif;jpg;jpeg;jpe;resx;tiff;tif;png;wav;mfcribbon-ms</Extensions>
    </Filter>
    <Filter Include="Source Files\Gameobjects &amp; variants">
      <UniqueIdentifier>{d7e51c42-da2d-4ce9-b123-18c00338430f}</UniqueIdentifier>
    </Filter>
    <Filter Include="Source Files\pathfinding">
      <UniqueIdentifier>{b9755e3e-51eb-48b9-a9bf-53da8c3e7e46}</UniqueIdentifier>
    </Filter>
    <Filter Include="Source Files\Gameobjects &amp; variants\Behaviors">
      <UniqueIdentifier>{e9220e98-3b3d-4152-b5e9-afc9a647a086}</UniqueIdentifier>
    </Filter>
  </ItemGroup>
  <ItemGroup>
    <ClCompile Include="source\WinMain.cpp">
      <Filter>Source Files</Filter>
    </ClCompile>
    <ClCompile Include="source\Gameobject.cpp">
      <Filter>Source Files\Gameobjects &amp; variants</Filter>
    </ClCompile>
    <ClCompile Include="source\master.cpp">
      <Filter>Source Files\Gameobjects &amp; variants</Filter>
    </ClCompile>
    <ClCompile Include="source\Swarmer.cpp">
      <Filter>Source Files\Gameobjects &amp; variants</Filter>
    </ClCompile>
    <ClCompile Include="source\Pathing_edge.cpp">
      <Filter>Source Files\pathfinding</Filter>
    </ClCompile>
    <ClCompile Include="source\Pathing_node.cpp">
      <Filter>Source Files\pathfinding</Filter>
    </ClCompile>
    <ClCompile Include="source\Pathing_Walker.cpp">
      <Filter>Source Files\pathfinding</Filter>
    </ClCompile>
    <ClCompile Include="source\Agent.cpp">
      <Filter>Source Files\Gameobjects &amp; variants</Filter>
    </ClCompile>
    <ClCompile Include="source\Behavior.cpp">
      <Filter>Source Files\Gameobjects &amp; variants\Behaviors</Filter>
    </ClCompile>
  </ItemGroup>
  <ItemGroup>
    <ClInclude Include="source\Gameobject.h">
      <Filter>Source Files\Gameobjects &amp; variants</Filter>
    </ClInclude>
    <ClInclude Include="source\master.h">
      <Filter>Source Files\Gameobjects &amp; variants</Filter>
    </ClInclude>
    <ClInclude Include="source\Swarmer.h">
      <Filter>Source Files\Gameobjects &amp; variants</Filter>
    </ClInclude>
    <ClInclude Include="source\Pathing_edge.h">
      <Filter>Source Files\pathfinding</Filter>
    </ClInclude>
    <ClInclude Include="source\Pathing_node.h">
      <Filter>Source Files\pathfinding</Filter>
    </ClInclude>
    <ClInclude Include="source\Pathing_Walker.h">
      <Filter>Source Files\pathfinding</Filter>
    </ClInclude>
    <ClInclude Include="source\Agent.h">
      <Filter>Source Files\Gameobjects &amp; variants</Filter>
    </ClInclude>
    <ClInclude Include="source\Behavior.h">
      <Filter>Source Files\Gameobjects &amp; variants\Behaviors</Filter>
    </ClInclude>
  </ItemGroup>
</Project>